
Microsoft Visual Studio Solution File, Format Version 12.00
# Visual Studio Version 16
VisualStudioVersion = 16.0.28803.352
MinimumVisualStudioVersion = 10.0.40219.1
Project("{FAE04EC0-301F-11D3-BF4B-00C04F79EFBC}") = "EntitiesManagerSystem", "EntitiesManagerSystem\EntitiesManagerSystem.csproj", "{98A512F7-1AD7-4CDD-B4D1-DE1E28FD964D}"
EndProject
Project("{FAE04EC0-301F-11D3-BF4B-00C04F79EFBC}") = "AdminManagerSystem", "AdminManagerSystem\AdminManagerSystem.csproj", "{7765BE5A-DE8A-4752-B4F7-5DD62D9AD12F}"
EndProject
Project("{FAE04EC0-301F-11D3-BF4B-00C04F79EFBC}") = "Manager_WebAPI", "Manager_WebAPI\Manager_WebAPI.csproj", "{131C1EA4-3372-46B8-A87F-92F49EA11FE7}"
EndProject
Project("{FAE04EC0-301F-11D3-BF4B-00C04F79EFBC}") = "Manager_Application", "Manager_Application\Manager_Application.csproj", "{0BC9FA36-F56E-4C20-8536-24166FDA20C3}"
EndProject
Project("{2150E333-8FDC-42A3-9474-1A3956D46DE8}") = "0-FrontEnd", "0-FrontEnd", "{B317E02F-B304-4424-BCC7-C957758FA90B}"
EndProject
Project("{2150E333-8FDC-42A3-9474-1A3956D46DE8}") = "1-WebServices", "1-WebServices", "{40D54FF2-5962-41FB-8363-641C5A70723B}"
EndProject
Project("{2150E333-8FDC-42A3-9474-1A3956D46DE8}") = "2-Application", "2-Application", "{45770E82-31DF-4898-A01F-2F6E9B4A49A3}"
EndProject
Project("{2150E333-8FDC-42A3-9474-1A3956D46DE8}") = "3-Domain", "3-Domain", "{8A31A077-7844-46B5-9D3F-24F57B7D9112}"
EndProject
Project("{2150E333-8FDC-42A3-9474-1A3956D46DE8}") = "4-Infra", "4-Infra", "{0C3161BC-BE88-4B21-8496-9C3C2CE4D948}"
EndProject
Project("{2150E333-8FDC-42A3-9474-1A3956D46DE8}") = "ExternalServices", "ExternalServices", "{113FBE4B-09C5-4C1C-BF4F-19339C8FE3CE}"
EndProject
Project("{2150E333-8FDC-42A3-9474-1A3956D46DE8}") = "Repository", "Repository", "{30064E0F-ABC8-4F06-86F8-3EC077BDE19E}"
EndProject
Project("{FAE04EC0-301F-11D3-BF4B-00C04F79EFBC}") = "Manager_Repository", "Manager_Repository\Manager_Repository.csproj", "{8F08E4B4-145B-4F22-B5A1-FA31F4C6619D}"
EndProject
Project("{FAE04EC0-301F-11D3-BF4B-00C04F79EFBC}") = "Manager_Domain", "Manager_Domain\Manager_Domain.csproj", "{615E9E7A-EDCC-4257-ABE0-42A92D88811C}"
EndProject
Global
	GlobalSection(SolutionConfigurationPlatforms) = preSolution
		Debug|Any CPU = Debug|Any CPU
		Release|Any CPU = Release|Any CPU
	EndGlobalSection
	GlobalSection(ProjectConfigurationPlatforms) = postSolution
		{98A512F7-1AD7-4CDD-B4D1-DE1E28FD964D}.Debug|Any CPU.ActiveCfg = Debug|Any CPU
		{98A512F7-1AD7-4CDD-B4D1-DE1E28FD964D}.Debug|Any CPU.Build.0 = Debug|Any CPU
		{98A512F7-1AD7-4CDD-B4D1-DE1E28FD964D}.Release|Any CPU.ActiveCfg = Release|Any CPU
		{98A512F7-1AD7-4CDD-B4D1-DE1E28FD964D}.Release|Any CPU.Build.0 = Release|Any CPU
		{7765BE5A-DE8A-4752-B4F7-5DD62D9AD12F}.Debug|Any CPU.ActiveCfg = Debug|Any CPU
		{7765BE5A-DE8A-4752-B4F7-5DD62D9AD12F}.Debug|Any CPU.Build.0 = Debug|Any CPU
		{7765BE5A-DE8A-4752-B4F7-5DD62D9AD12F}.Release|Any CPU.ActiveCfg = Release|Any CPU
		{7765BE5A-DE8A-4752-B4F7-5DD62D9AD12F}.Release|Any CPU.Build.0 = Release|Any CPU
		{131C1EA4-3372-46B8-A87F-92F49EA11FE7}.Debug|Any CPU.ActiveCfg = Debug|Any CPU
		{131C1EA4-3372-46B8-A87F-92F49EA11FE7}.Debug|Any CPU.Build.0 = Debug|Any CPU
		{131C1EA4-3372-46B8-A87F-92F49EA11FE7}.Release|Any CPU.ActiveCfg = Release|Any CPU
		{131C1EA4-3372-46B8-A87F-92F49EA11FE7}.Release|Any CPU.Build.0 = Release|Any CPU
		{0BC9FA36-F56E-4C20-8536-24166FDA20C3}.Debug|Any CPU.ActiveCfg = Debug|Any CPU
		{0BC9FA36-F56E-4C20-8536-24166FDA20C3}.Debug|Any CPU.Build.0 = Debug|Any CPU
		{0BC9FA36-F56E-4C20-8536-24166FDA20C3}.Release|Any CPU.ActiveCfg = Release|Any CPU
		{0BC9FA36-F56E-4C20-8536-24166FDA20C3}.Release|Any CPU.Build.0 = Release|Any CPU
		{8F08E4B4-145B-4F22-B5A1-FA31F4C6619D}.Debug|Any CPU.ActiveCfg = Debug|Any CPU
		{8F08E4B4-145B-4F22-B5A1-FA31F4C6619D}.Debug|Any CPU.Build.0 = Debug|Any CPU
		{8F08E4B4-145B-4F22-B5A1-FA31F4C6619D}.Release|Any CPU.ActiveCfg = Release|Any CPU
		{8F08E4B4-145B-4F22-B5A1-FA31F4C6619D}.Release|Any CPU.Build.0 = Release|Any CPU
		{615E9E7A-EDCC-4257-ABE0-42A92D88811C}.Debug|Any CPU.ActiveCfg = Debug|Any CPU
		{615E9E7A-EDCC-4257-ABE0-42A92D88811C}.Debug|Any CPU.Build.0 = Debug|Any CPU
		{615E9E7A-EDCC-4257-ABE0-42A92D88811C}.Release|Any CPU.ActiveCfg = Release|Any CPU
		{615E9E7A-EDCC-4257-ABE0-42A92D88811C}.Release|Any CPU.Build.0 = Release|Any CPU
	EndGlobalSection
	GlobalSection(SolutionProperties) = preSolution
		HideSolutionNode = FALSE
	EndGlobalSection
	GlobalSection(ExtensibilityGlobals) = postSolution
		SolutionGuid = {815F2CE2-21C7-44A3-96D5-0D78EDE1F586}
	EndGlobalSection
	GlobalSection(NestedProjects) = preSolution
		{7765BE5A-DE8A-4752-B4F7-5DD62D9AD12F} = {B317E02F-B304-4424-BCC7-C957758FA90B}
		{98A512F7-1AD7-4CDD-B4D1-DE1E28FD964D} = {B317E02F-B304-4424-BCC7-C957758FA90B}
		{131C1EA4-3372-46B8-A87F-92F49EA11FE7} = {40D54FF2-5962-41FB-8363-641C5A70723B}
		{0BC9FA36-F56E-4C20-8536-24166FDA20C3} = {45770E82-31DF-4898-A01F-2F6E9B4A49A3}
		{113FBE4B-09C5-4C1C-BF4F-19339C8FE3CE} = {0C3161BC-BE88-4B21-8496-9C3C2CE4D948}
		{30064E0F-ABC8-4F06-86F8-3EC077BDE19E} = {0C3161BC-BE88-4B21-8496-9C3C2CE4D948}
		{8F08E4B4-145B-4F22-B5A1-FA31F4C6619D} = {30064E0F-ABC8-4F06-86F8-3EC077BDE19E}
		{615E9E7A-EDCC-4257-ABE0-42A92D88811C} = {8A31A077-7844-46B5-9D3F-24F57B7D9112}
	EndGlobalSection
EndGlobal
